
Microsoft Visual Studio Solution File, Format Version 11.00
# Visual Studio 2010
Project("{FAE04EC0-301F-11D3-BF4B-00C04F79EFBC}") = "InsertCodePlugin", "InsertCodePlugin\InsertCodePlugin.csproj", "{77AE1E1D-8209-4FB1-AEB5-8DC9C538BC21}"
EndProject
Global
	GlobalSection(SolutionConfigurationPlatforms) = preSolution
		Debug|Any CPU = Debug|Any CPU
		Release|Any CPU = Release|Any CPU
	EndGlobalSection
	GlobalSection(ProjectConfigurationPlatforms) = postSolution
		{77AE1E1D-8209-4FB1-AEB5-8DC9C538BC21}.Debug|Any CPU.ActiveCfg = Debug|Any CPU
		{77AE1E1D-8209-4FB1-AEB5-8DC9C538BC21}.Debug|Any CPU.Build.0 = Debug|Any CPU
		{77AE1E1D-8209-4FB1-AEB5-8DC9C538BC21}.Release|Any CPU.ActiveCfg = Release|Any CPU
		{77AE1E1D-8209-4FB1-AEB5-8DC9C538BC21}.Release|Any CPU.Build.0 = Release|Any CPU
	EndGlobalSection
	GlobalSection(SolutionProperties) = preSolution
		HideSolutionNode = FALSE
	EndGlobalSection
EndGlobal
